
Microsoft Visual Studio Solution File, Format Version 12.00
# Visual Studio 15
VisualStudioVersion = 15.0.28307.645
MinimumVisualStudioVersion = 10.0.40219.1
Project("{FAE04EC0-301F-11D3-BF4B-00C04F79EFBC}") = "Mar2021", "Mar2021\Mar2021.csproj", "{867F2E97-AC8C-4406-A74C-DBDEB4F65ECD}"
EndProject
Global
	GlobalSection(SolutionConfigurationPlatforms) = preSolution
		Debug|Any CPU = Debug|Any CPU
		Release|Any CPU = Release|Any CPU
	EndGlobalSection
	GlobalSection(ProjectConfigurationPlatforms) = postSolution
		{867F2E97-AC8C-4406-A74C-DBDEB4F65ECD}.Debug|Any CPU.ActiveCfg = Debug|Any CPU
		{867F2E97-AC8C-4406-A74C-DBDEB4F65ECD}.Debug|Any CPU.Build.0 = Debug|Any CPU
		{867F2E97-AC8C-4406-A74C-DBDEB4F65ECD}.Release|Any CPU.ActiveCfg = Release|Any CPU
		{867F2E97-AC8C-4406-A74C-DBDEB4F65ECD}.Release|Any CPU.Build.0 = Release|Any CPU
	EndGlobalSection
	GlobalSection(SolutionProperties) = preSolution
		HideSolutionNode = FALSE
	EndGlobalSection
	GlobalSection(ExtensibilityGlobals) = postSolution
		SolutionGuid = {00B9C9FA-F716-413E-A95F-6653DB962BCE}
	EndGlobalSection
EndGlobal
